
Microsoft Visual Studio Solution File, Format Version 12.00
Project("{FAE04EC0-301F-11D3-BF4B-00C04F79EFBC}") = "Shared", "Shared\Shared.csproj", "{7D7C14F0-2BE1-46EC-A62E-151E04FBCDAE}"
EndProject
Project("{FAE04EC0-301F-11D3-BF4B-00C04F79EFBC}") = "Domain", "Domain\Domain.csproj", "{E08813EC-B4A2-4FAC-841F-1173CFDDE1C9}"
EndProject
Project("{2150E333-8FDC-42A3-9474-1A3956D46DE8}") = "Reddit_Server", "Reddit_Server", "{740D3EA3-EBA3-45DC-A6D0-BBDAE6CEA8A8}"
EndProject
Project("{2150E333-8FDC-42A3-9474-1A3956D46DE8}") = "Reddit_Client", "Reddit_Client", "{642803E7-6ED8-4A1C-8544-3D6A7372C150}"
EndProject
Project("{FAE04EC0-301F-11D3-BF4B-00C04F79EFBC}") = "WebAPI", "WebAPI\WebAPI.csproj", "{A10BC741-4352-4FDE-A12D-3EA2EDFB067A}"
EndProject
Project("{FAE04EC0-301F-11D3-BF4B-00C04F79EFBC}") = "Application", "Application\Application.csproj", "{25F1CAEB-96B2-4A48-962A-C922A728F315}"
EndProject
Project("{FAE04EC0-301F-11D3-BF4B-00C04F79EFBC}") = "FileData", "FileData\FileData.csproj", "{25E5CB2F-5981-429A-83D2-C147D318BB7C}"
EndProject
Project("{FAE04EC0-301F-11D3-BF4B-00C04F79EFBC}") = "BlazorWASM", "BlazorWASM\BlazorWASM.csproj", "{5ABD76BD-53EC-4E3F-8FAD-C2C756DF526A}"
EndProject
Project("{FAE04EC0-301F-11D3-BF4B-00C04F79EFBC}") = "HttpClients", "HttpClients\HttpClients.csproj", "{F5ED6549-51C0-4F2B-8A85-9683748ABFD3}"
EndProject
Global
	GlobalSection(SolutionConfigurationPlatforms) = preSolution
		Debug|Any CPU = Debug|Any CPU
		Release|Any CPU = Release|Any CPU
	EndGlobalSection
	GlobalSection(ProjectConfigurationPlatforms) = postSolution
		{7D7C14F0-2BE1-46EC-A62E-151E04FBCDAE}.Debug|Any CPU.ActiveCfg = Debug|Any CPU
		{7D7C14F0-2BE1-46EC-A62E-151E04FBCDAE}.Debug|Any CPU.Build.0 = Debug|Any CPU
		{7D7C14F0-2BE1-46EC-A62E-151E04FBCDAE}.Release|Any CPU.ActiveCfg = Release|Any CPU
		{7D7C14F0-2BE1-46EC-A62E-151E04FBCDAE}.Release|Any CPU.Build.0 = Release|Any CPU
		{E08813EC-B4A2-4FAC-841F-1173CFDDE1C9}.Debug|Any CPU.ActiveCfg = Debug|Any CPU
		{E08813EC-B4A2-4FAC-841F-1173CFDDE1C9}.Debug|Any CPU.Build.0 = Debug|Any CPU
		{E08813EC-B4A2-4FAC-841F-1173CFDDE1C9}.Release|Any CPU.ActiveCfg = Release|Any CPU
		{E08813EC-B4A2-4FAC-841F-1173CFDDE1C9}.Release|Any CPU.Build.0 = Release|Any CPU
		{A10BC741-4352-4FDE-A12D-3EA2EDFB067A}.Debug|Any CPU.ActiveCfg = Debug|Any CPU
		{A10BC741-4352-4FDE-A12D-3EA2EDFB067A}.Debug|Any CPU.Build.0 = Debug|Any CPU
		{A10BC741-4352-4FDE-A12D-3EA2EDFB067A}.Release|Any CPU.ActiveCfg = Release|Any CPU
		{A10BC741-4352-4FDE-A12D-3EA2EDFB067A}.Release|Any CPU.Build.0 = Release|Any CPU
		{25F1CAEB-96B2-4A48-962A-C922A728F315}.Debug|Any CPU.ActiveCfg = Debug|Any CPU
		{25F1CAEB-96B2-4A48-962A-C922A728F315}.Debug|Any CPU.Build.0 = Debug|Any CPU
		{25F1CAEB-96B2-4A48-962A-C922A728F315}.Release|Any CPU.ActiveCfg = Release|Any CPU
		{25F1CAEB-96B2-4A48-962A-C922A728F315}.Release|Any CPU.Build.0 = Release|Any CPU
		{25E5CB2F-5981-429A-83D2-C147D318BB7C}.Debug|Any CPU.ActiveCfg = Debug|Any CPU
		{25E5CB2F-5981-429A-83D2-C147D318BB7C}.Debug|Any CPU.Build.0 = Debug|Any CPU
		{25E5CB2F-5981-429A-83D2-C147D318BB7C}.Release|Any CPU.ActiveCfg = Release|Any CPU
		{25E5CB2F-5981-429A-83D2-C147D318BB7C}.Release|Any CPU.Build.0 = Release|Any CPU
		{5ABD76BD-53EC-4E3F-8FAD-C2C756DF526A}.Debug|Any CPU.ActiveCfg = Debug|Any CPU
		{5ABD76BD-53EC-4E3F-8FAD-C2C756DF526A}.Debug|Any CPU.Build.0 = Debug|Any CPU
		{5ABD76BD-53EC-4E3F-8FAD-C2C756DF526A}.Release|Any CPU.ActiveCfg = Release|Any CPU
		{5ABD76BD-53EC-4E3F-8FAD-C2C756DF526A}.Release|Any CPU.Build.0 = Release|Any CPU
		{F5ED6549-51C0-4F2B-8A85-9683748ABFD3}.Debug|Any CPU.ActiveCfg = Debug|Any CPU
		{F5ED6549-51C0-4F2B-8A85-9683748ABFD3}.Debug|Any CPU.Build.0 = Debug|Any CPU
		{F5ED6549-51C0-4F2B-8A85-9683748ABFD3}.Release|Any CPU.ActiveCfg = Release|Any CPU
		{F5ED6549-51C0-4F2B-8A85-9683748ABFD3}.Release|Any CPU.Build.0 = Release|Any CPU
	EndGlobalSection
	GlobalSection(NestedProjects) = preSolution
		{A10BC741-4352-4FDE-A12D-3EA2EDFB067A} = {740D3EA3-EBA3-45DC-A6D0-BBDAE6CEA8A8}
		{25F1CAEB-96B2-4A48-962A-C922A728F315} = {740D3EA3-EBA3-45DC-A6D0-BBDAE6CEA8A8}
		{25E5CB2F-5981-429A-83D2-C147D318BB7C} = {740D3EA3-EBA3-45DC-A6D0-BBDAE6CEA8A8}
		{5ABD76BD-53EC-4E3F-8FAD-C2C756DF526A} = {642803E7-6ED8-4A1C-8544-3D6A7372C150}
		{F5ED6549-51C0-4F2B-8A85-9683748ABFD3} = {642803E7-6ED8-4A1C-8544-3D6A7372C150}
	EndGlobalSection
EndGlobal
